
Microsoft Visual Studio Solution File, Format Version 11.00
# Visual Web Developer Express 2010
Project("{F184B08F-C81C-45F6-A57F-5ABD9991F28F}") = "ClassyM", "ClassyM.vbproj", "{FDBC746F-A77F-492B-88FD-D74B5680AE54}"
EndProject
Global
	GlobalSection(SolutionConfigurationPlatforms) = preSolution
		Debug|Any CPU = Debug|Any CPU
		Release|Any CPU = Release|Any CPU
	EndGlobalSection
	GlobalSection(ProjectConfigurationPlatforms) = postSolution
		{FDBC746F-A77F-492B-88FD-D74B5680AE54}.Debug|Any CPU.ActiveCfg = Debug|Any CPU
		{FDBC746F-A77F-492B-88FD-D74B5680AE54}.Debug|Any CPU.Build.0 = Debug|Any CPU
		{FDBC746F-A77F-492B-88FD-D74B5680AE54}.Release|Any CPU.ActiveCfg = Release|Any CPU
		{FDBC746F-A77F-492B-88FD-D74B5680AE54}.Release|Any CPU.Build.0 = Release|Any CPU
	EndGlobalSection
	GlobalSection(SolutionProperties) = preSolution
		HideSolutionNode = FALSE
	EndGlobalSection
EndGlobal
